{
  "name": "apextracker",
  "lockfileVersion": 3,
  "requires": true,
  "packages": {
    "": {
      "dependencies": {
        "@fontsource/space-grotesk": "^5.2.10"
      }
    },
    "node_modules/@fontsource/space-grotesk": {
      "version": "5.2.10",
      "resolved": "https://registry.npmjs.org/@fontsource/space-grotesk/-/space-grotesk-5.2.10.tgz",
      "integrity": "sha512-XNXEbT74OIITPqw2H6HXwPDp85fy43uxfBwFR5PU+9sLnjuLj12KlhVM9nZVN6q6dlKjkuN8JisW/OBxwxgUew==",
      "license": "OFL-1.1",
      "funding": {
        "url": "https://github.com/sponsors/ayuhito"
      }
    }
  }
}
